
Microsoft Visual Studio Solution File, Format Version 12.00
# Visual Studio 15
VisualStudioVersion = 15.0.27130.2027
MinimumVisualStudioVersion = 10.0.40219.1
Project("{FAE04EC0-301F-11D3-BF4B-00C04F79EFBC}") = "SocialSiteAPI", "SocialSiteAPI\SocialSiteAPI.csproj", "{30CE3004-A86C-4B39-91FE-9904D50B0BEF}"
EndProject
Global
	GlobalSection(SolutionConfigurationPlatforms) = preSolution
		Debug|Any CPU = Debug|Any CPU
		Release|Any CPU = Release|Any CPU
	EndGlobalSection
	GlobalSection(ProjectConfigurationPlatforms) = postSolution
		{30CE3004-A86C-4B39-91FE-9904D50B0BEF}.Debug|Any CPU.ActiveCfg = Debug|Any CPU
		{30CE3004-A86C-4B39-91FE-9904D50B0BEF}.Debug|Any CPU.Build.0 = Debug|Any CPU
		{30CE3004-A86C-4B39-91FE-9904D50B0BEF}.Release|Any CPU.ActiveCfg = Release|Any CPU
		{30CE3004-A86C-4B39-91FE-9904D50B0BEF}.Release|Any CPU.Build.0 = Release|Any CPU
	EndGlobalSection
	GlobalSection(SolutionProperties) = preSolution
		HideSolutionNode = FALSE
	EndGlobalSection
	GlobalSection(ExtensibilityGlobals) = postSolution
		SolutionGuid = {8C2ED62E-C79D-44FE-9942-3F0121BE4870}
	EndGlobalSection
EndGlobal
